{
  "version": 4,
  "terraform_version": "1.15.3",
  "serial": 9,
  "lineage": "325bca18-5775-ec75-f1d7-5623a03a7499",
  "outputs": {},
  "resources": [
    {
      "mode": "managed",
      "type": "local_file",
      "name": "hello",
      "provider": "provider[\"registry.terraform.io/hashicorp/local\"]",
      "instances": [
        {
          "schema_version": 0,
          "attributes": {
            "content": "Iac is love, helps a lot",
            "content_base64": null,
            "content_base64sha256": "dfR1EAgb4gk5+uXIzTA+A9V/OMs9lgqzelVDev6z1k4=",
            "content_base64sha512": "sMCwOoVHYXPhN6LLxF64/xfEmN3xC/zmqt8/AzP7xO4kQRQ3Ll+3z22pLsOgiKfW0aJxZubc8pBKEi3ZWMSVmQ==",
            "content_md5": "b14dc1e488a75dd3ca28a720c9ab3dd0",
            "content_sha1": "681a08227bf417eba6f445b4b562472e51ed5afe",
            "content_sha256": "75f47510081be20939fae5c8cd303e03d57f38cb3d960ab37a55437afeb3d64e",
            "content_sha512": "b0c0b03a85476173e137a2cbc45eb8ff17c498ddf10bfce6aadf3f0333fbc4ee244114372e5fb7cf6da92ec3a088a7d6d1a27166e6dcf2904a122dd958c49599",
            "directory_permission": "0766",
            "file_permission": "0766",
            "filename": "./helloworld.txt",
            "id": "681a08227bf417eba6f445b4b562472e51ed5afe",
            "sensitive_content": null,
            "source": null
          },
          "sensitive_attributes": [
            [
              {
                "type": "get_attr",
                "value": "sensitive_content"
              }
            ]
          ],
          "identity_schema_version": 0
        }
      ]
    },
    {
      "mode": "managed",
      "type": "local_sensitive_file",
      "name": "hello_secret",
      "provider": "provider[\"registry.terraform.io/hashicorp/local\"]",
      "instances": [
        {
          "schema_version": 0,
          "attributes": {
            "content": "This is a secret message that should not be exposed in logs or state files.",
            "content_base64": null,
            "content_base64sha256": "3U9V5zszuAGWiWxC5IUtjo2WCQI863m2u3pR/gXbisc=",
            "content_base64sha512": "omL08vcgMO9n16b93KTOPba5cIZPKylkn2/ISbAf4/oKe5Vbg525kFP6HjkUhLOdtkyKqe4U/U0z0v8uIl7LIQ==",
            "content_md5": "851dc41ee34425c26eb35b598879110e",
            "content_sha1": "458ad21105e4c7a58736e42604d3489492e0e441",
            "content_sha256": "dd4f55e73b33b80196896c42e4852d8e8d9609023ceb79b6bb7a51fe05db8ac7",
            "content_sha512": "a262f4f2f72030ef67d7a6fddca4ce3db6b970864f2b29649f6fc849b01fe3fa0a7b955b839db99053fa1e391484b39db64c8aa9ee14fd4d33d2ff2e225ecb21",
            "directory_permission": "0700",
            "file_permission": "0600",
            "filename": "./secret_message.txt",
            "id": "458ad21105e4c7a58736e42604d3489492e0e441",
            "source": null
          },
          "sensitive_attributes": [
            [
              {
                "type": "get_attr",
                "value": "content"
              }
            ],
            [
              {
                "type": "get_attr",
                "value": "content_base64"
              }
            ]
          ],
          "identity_schema_version": 0
        }
      ]
    }
  ],
  "check_results": null
}
