{
  "version": 4,
  "terraform_version": "1.15.3",
  "serial": 7,
  "lineage": "325bca18-5775-ec75-f1d7-5623a03a7499",
  "outputs": {},
  "resources": [
    {
      "mode": "managed",
      "type": "local_file",
      "name": "hello",
      "provider": "provider[\"registry.terraform.io/hashicorp/local\"]",
      "instances": [
        {
          "schema_version": 0,
          "attributes": {
            "content": "Iac is love, helps a lot",
            "content_base64": null,
            "content_base64sha256": "dfR1EAgb4gk5+uXIzTA+A9V/OMs9lgqzelVDev6z1k4=",
            "content_base64sha512": "sMCwOoVHYXPhN6LLxF64/xfEmN3xC/zmqt8/AzP7xO4kQRQ3Ll+3z22pLsOgiKfW0aJxZubc8pBKEi3ZWMSVmQ==",
            "content_md5": "b14dc1e488a75dd3ca28a720c9ab3dd0",
            "content_sha1": "681a08227bf417eba6f445b4b562472e51ed5afe",
            "content_sha256": "75f47510081be20939fae5c8cd303e03d57f38cb3d960ab37a55437afeb3d64e",
            "content_sha512": "b0c0b03a85476173e137a2cbc45eb8ff17c498ddf10bfce6aadf3f0333fbc4ee244114372e5fb7cf6da92ec3a088a7d6d1a27166e6dcf2904a122dd958c49599",
            "directory_permission": "0766",
            "file_permission": "0766",
            "filename": "./helloworld.txt",
            "id": "681a08227bf417eba6f445b4b562472e51ed5afe",
            "sensitive_content": null,
            "source": null
          },
          "sensitive_attributes": [
            [
              {
                "type": "get_attr",
                "value": "sensitive_content"
              }
            ]
          ],
          "identity_schema_version": 0
        }
      ]
    }
  ],
  "check_results": null
}
