{
  "version": 4,
  "terraform_version": "1.15.3",
  "serial": 3,
  "lineage": "dbeba7d2-2609-fbd3-c2d6-5db132df2803",
  "outputs": {},
  "resources": [
    {
      "mode": "data",
      "type": "local_file",
      "name": "template",
      "provider": "provider[\"registry.terraform.io/hashicorp/local\"]",
      "instances": [
        {
          "schema_version": 0,
          "attributes": {
            "content": "Ah, RFC 3339 is a standard format for date and time. It’s basically a way to represent a timestamp in a clear, consistent, and human-readable form—like \"2026-06-15T08:30:45Z.\" It’s widely used in internet protocols and makes sure everyone has a standard way of talking about exact times.\n",
            "content_base64": "QWgsIFJGQyAzMzM5IGlzIGEgc3RhbmRhcmQgZm9ybWF0IGZvciBkYXRlIGFuZCB0aW1lLiBJdOKAmXMgYmFzaWNhbGx5IGEgd2F5IHRvIHJlcHJlc2VudCBhIHRpbWVzdGFtcCBpbiBhIGNsZWFyLCBjb25zaXN0ZW50LCBhbmQgaHVtYW4tcmVhZGFibGUgZm9ybeKAlGxpa2UgIjIwMjYtMDYtMTVUMDg6MzA6NDVaLiIgSXTigJlzIHdpZGVseSB1c2VkIGluIGludGVybmV0IHByb3RvY29scyBhbmQgbWFrZXMgc3VyZSBldmVyeW9uZSBoYXMgYSBzdGFuZGFyZCB3YXkgb2YgdGFsa2luZyBhYm91dCBleGFjdCB0aW1lcy4K",
            "content_base64sha256": "K5jPgQYVqN0m45u6B0ap94peRfHnx3Vzfv8kH8FaE0k=",
            "content_base64sha512": "UXKrgkk4tKB36p7i3yngUsw+M6Zz+wi6JbDYPB5YiSyIdoNzXjXIuDHHsDS8MOo8gQ9qMjiy+LugW9+voKXCOA==",
            "content_md5": "2bfa3e87385519e3bda92974b53ac57c",
            "content_sha1": "f75d5bfd931018103099c8b1f35174c4291e12ba",
            "content_sha256": "2b98cf810615a8dd26e39bba0746a9f78a5e45f1e7c775737eff241fc15a1349",
            "content_sha512": "5172ab824938b4a077ea9ee2df29e052cc3e33a673fb08ba25b0d83c1e58892c887683735e35c8b831c7b034bc30ea3c810f6a3238b2f8bba05bdfafa0a5c238",
            "filename": "./template.txt",
            "id": "f75d5bfd931018103099c8b1f35174c4291e12ba"
          },
          "sensitive_attributes": [],
          "identity_schema_version": 0
        }
      ]
    },
    {
      "mode": "managed",
      "type": "local_file",
      "name": "rendered",
      "provider": "provider[\"registry.terraform.io/hashicorp/local\"]",
      "instances": [
        {
          "schema_version": 0,
          "attributes": {
            "content": "Build at 2026-06-15T09:45:37Z \n Template in the file is: Ah, RFC 3339 is a standard format for date and time. It’s basically a way to represent a timestamp in a clear, consistent, and human-readable form—like \"2026-06-15T08:30:45Z.\" It’s widely used in internet protocols and makes sure everyone has a standard way of talking about exact times.\n",
            "content_base64": null,
            "content_base64sha256": "50X/aMIgU/n44/I3IlpT5kXXMUNS3DfDavxrQbWDd3g=",
            "content_base64sha512": "7rnnR38xBhEiHvxnAWjx2HfMyy8pAWnEMHQTi0sjFxQ8/zAiMe1O0BeFKX3O7wUV0RRXaKJcURih6470B5k9YA==",
            "content_md5": "8fd31d2266194eb0795a78be8185c62d",
            "content_sha1": "1daf211da2d769a04384549265a5b98ea9ea99b9",
            "content_sha256": "e745ff68c22053f9f8e3f237225a53e645d7314352dc37c36afc6b41b5837778",
            "content_sha512": "eeb9e7477f310611221efc670168f1d877cccb2f290169c43074138b4b2317143cff302231ed4ed01785297dceef0515d1145768a25c5118a1eb8ef407993d60",
            "directory_permission": "0777",
            "file_permission": "0777",
            "filename": "./rendered.txt",
            "id": "1daf211da2d769a04384549265a5b98ea9ea99b9",
            "sensitive_content": null,
            "source": null
          },
          "sensitive_attributes": [
            [
              {
                "type": "get_attr",
                "value": "sensitive_content"
              }
            ]
          ],
          "identity_schema_version": 0,
          "dependencies": [
            "data.local_file.template",
            "time_static.build_time"
          ]
        }
      ]
    },
    {
      "mode": "managed",
      "type": "time_static",
      "name": "build_time",
      "provider": "provider[\"registry.terraform.io/hashicorp/time\"]",
      "instances": [
        {
          "schema_version": 0,
          "attributes": {
            "day": 15,
            "hour": 9,
            "id": "2026-06-15T09:45:37Z",
            "minute": 45,
            "month": 6,
            "rfc3339": "2026-06-15T09:45:37Z",
            "second": 37,
            "triggers": null,
            "unix": 1781516737,
            "year": 2026
          },
          "sensitive_attributes": [],
          "identity_schema_version": 0
        }
      ]
    }
  ],
  "check_results": null
}
