{
  "version": 4,
  "terraform_version": "1.15.3",
  "serial": 1,
  "lineage": "de07daed-2202-3749-3526-3385287c86e7",
  "outputs": {},
  "resources": [
    {
      "mode": "managed",
      "type": "random_integer",
      "name": "port_no",
      "provider": "provider[\"registry.terraform.io/hashicorp/random\"]",
      "instances": [
        {
          "schema_version": 0,
          "attributes": {
            "id": "43700",
            "keepers": null,
            "max": 65535,
            "min": 1024,
            "result": 43700,
            "seed": null
          },
          "sensitive_attributes": [],
          "identity_schema_version": 0
        }
      ]
    }
  ],
  "check_results": null
}
