{
  "version": 4,
  "terraform_version": "1.15.3",
  "serial": 5,
  "lineage": "871529c4-4c55-5a21-8de2-1ff02e10388f",
  "outputs": {},
  "resources": [
    {
      "mode": "managed",
      "type": "local_file",
      "name": "server_name",
      "provider": "provider[\"registry.terraform.io/hashicorp/local\"]",
      "instances": [
        {
          "schema_version": 0,
          "attributes": {
            "content": "relevant-guppy",
            "content_base64": null,
            "content_base64sha256": "oK07H5SGGJHPCF7knno1voSaMvsB9ItTsbC4jGZFixg=",
            "content_base64sha512": "HO058QGvapRl35HV6JMHRRCkx/QyGOLj5yFiJSwRFsSEFzRN/wIP3arj5QGeIZJ6LJPEwPGqxhTVkS3GvvYAOg==",
            "content_md5": "11887c1581fa7ba589f785daf73090a7",
            "content_sha1": "edf8dfa295b2093649ec5ea7142b85fae1fa363d",
            "content_sha256": "a0ad3b1f94861891cf085ee49e7a35be849a32fb01f48b53b1b0b88c66458b18",
            "content_sha512": "1ced39f101af6a9465df91d5e893074510a4c7f43218e2e3e72162252c1116c48417344dff020fddaae3e5019e21927a2c93c4c0f1aac614d5912dc6bef6003a",
            "directory_permission": "0777",
            "file_permission": "0777",
            "filename": "./server_name.txt",
            "id": "edf8dfa295b2093649ec5ea7142b85fae1fa363d",
            "sensitive_content": null,
            "source": null
          },
          "sensitive_attributes": [
            [
              {
                "type": "get_attr",
                "value": "sensitive_content"
              }
            ]
          ],
          "identity_schema_version": 0,
          "dependencies": [
            "random_pet.server"
          ]
        }
      ]
    },
    {
      "mode": "managed",
      "type": "null_resource",
      "name": "example",
      "provider": "provider[\"registry.terraform.io/hashicorp/null\"]",
      "instances": [
        {
          "schema_version": 0,
          "attributes": {
            "id": "1544400178029904992",
            "triggers": {
              "server_name": "relevant-guppy"
            }
          },
          "sensitive_attributes": [],
          "identity_schema_version": 0,
          "dependencies": [
            "local_file.server_name",
            "random_pet.server"
          ]
        }
      ]
    },
    {
      "mode": "managed",
      "type": "random_id",
      "name": "rotating",
      "provider": "provider[\"registry.terraform.io/hashicorp/random\"]",
      "instances": [
        {
          "schema_version": 0,
          "attributes": {
            "b64_std": "TIn3Kq57KHI=",
            "b64_url": "TIn3Kq57KHI",
            "byte_length": 8,
            "dec": "5515210981379876978",
            "hex": "4c89f72aae7b2872",
            "id": "TIn3Kq57KHI",
            "keepers": {
              "server_name": "relevant-guppy"
            },
            "prefix": null
          },
          "sensitive_attributes": [],
          "identity_schema_version": 0,
          "dependencies": [
            "random_pet.server"
          ],
          "create_before_destroy": true
        }
      ]
    },
    {
      "mode": "managed",
      "type": "random_pet",
      "name": "server",
      "provider": "provider[\"registry.terraform.io/hashicorp/random\"]",
      "instances": [
        {
          "schema_version": 0,
          "attributes": {
            "id": "relevant-guppy",
            "keepers": null,
            "length": 2,
            "prefix": null,
            "separator": "-"
          },
          "sensitive_attributes": [],
          "identity_schema_version": 0,
          "create_before_destroy": true
        }
      ]
    }
  ],
  "check_results": null
}
