{
  "version": 4,
  "terraform_version": "1.15.3",
  "serial": 14,
  "lineage": "871529c4-4c55-5a21-8de2-1ff02e10388f",
  "outputs": {},
  "resources": [
    {
      "mode": "managed",
      "type": "local_file",
      "name": "server_name",
      "provider": "provider[\"registry.terraform.io/hashicorp/local\"]",
      "instances": [
        {
          "schema_version": 0,
          "attributes": {
            "content": "hopefully-sunny-elk",
            "content_base64": null,
            "content_base64sha256": "PInuRSK8dzOkvahFu/KDoH3L576FXqvVNMU3EDHoS2U=",
            "content_base64sha512": "S3yvsjpdHlJpeuUNtI9OqN+V3ib3Y8rjaY4Yj2ybWoRUZhsUbQjq9+NRzJ5qjoZNnwvw1VZIwLiqDDu0+NIL2w==",
            "content_md5": "e69706d3425183afd9d9da06fbaac39b",
            "content_sha1": "ccc3b3d5023ddca039b05dd985ac9e966570e48a",
            "content_sha256": "3c89ee4522bc7733a4bda845bbf283a07dcbe7be855eabd534c5371031e84b65",
            "content_sha512": "4b7cafb23a5d1e52697ae50db48f4ea8df95de26f763cae3698e188f6c9b5a8454661b146d08eaf7e351cc9e6a8e864d9f0bf0d55648c0b8aa0c3bb4f8d20bdb",
            "directory_permission": "0777",
            "file_permission": "0777",
            "filename": "./server_name.txt",
            "id": "ccc3b3d5023ddca039b05dd985ac9e966570e48a",
            "sensitive_content": null,
            "source": null
          },
          "sensitive_attributes": [
            [
              {
                "type": "get_attr",
                "value": "sensitive_content"
              }
            ]
          ],
          "identity_schema_version": 0,
          "dependencies": [
            "random_pet.server"
          ]
        }
      ]
    },
    {
      "mode": "managed",
      "type": "null_resource",
      "name": "example",
      "provider": "provider[\"registry.terraform.io/hashicorp/null\"]",
      "instances": [
        {
          "schema_version": 0,
          "attributes": {
            "id": "6686648430193210047",
            "triggers": {
              "server_name": "hopefully-sunny-elk"
            }
          },
          "sensitive_attributes": [],
          "identity_schema_version": 0,
          "dependencies": [
            "local_file.server_name",
            "random_pet.server"
          ]
        }
      ]
    },
    {
      "mode": "managed",
      "type": "random_id",
      "name": "rotating",
      "provider": "provider[\"registry.terraform.io/hashicorp/random\"]",
      "instances": [
        {
          "schema_version": 0,
          "attributes": {
            "b64_std": "aPGn76cZy7k=",
            "b64_url": "aPGn76cZy7k",
            "byte_length": 8,
            "dec": "7562009897074281401",
            "hex": "68f1a7efa719cbb9",
            "id": "aPGn76cZy7k",
            "keepers": {
              "server_name": "hopefully-sunny-elk"
            },
            "prefix": null
          },
          "sensitive_attributes": [],
          "identity_schema_version": 0,
          "dependencies": [
            "random_pet.server"
          ],
          "create_before_destroy": true
        }
      ]
    },
    {
      "mode": "managed",
      "type": "random_pet",
      "name": "server",
      "provider": "provider[\"registry.terraform.io/hashicorp/random\"]",
      "instances": [
        {
          "schema_version": 0,
          "attributes": {
            "id": "hopefully-sunny-elk",
            "keepers": null,
            "length": 3,
            "prefix": null,
            "separator": "-"
          },
          "sensitive_attributes": [],
          "identity_schema_version": 0,
          "create_before_destroy": true
        }
      ]
    }
  ],
  "check_results": null
}
