{
  "version": 4,
  "terraform_version": "1.15.3",
  "serial": 1,
  "lineage": "1244bc6c-ef89-5d0e-bdb4-2032e99ce278",
  "outputs": {
    "config_path": {
      "value": "./dev.conf",
      "type": "string"
    },
    "passwords": {
      "value": "changemeeee!",
      "type": "string",
      "sensitive": true
    }
  },
  "resources": [
    {
      "mode": "managed",
      "type": "local_file",
      "name": "config",
      "provider": "provider[\"registry.terraform.io/hashicorp/local\"]",
      "instances": [
        {
          "schema_version": 0,
          "attributes": {
            "content": "count=2\nlogging=true\n",
            "content_base64": null,
            "content_base64sha256": "cCXN5fK6380c4GEw7SXmiqtqAvRGs/UQH9bxx/FJb00=",
            "content_base64sha512": "bOswYhH0tAwSrCD0fFTs33Qd5hJ36W3VeyJ5hfrPmW1gOgoDzxxlGmnrK3FXVm/ijZK3cLcbBWgWnWQtcRq4eA==",
            "content_md5": "69b247f409a0b3a8de3a12fbe3564d47",
            "content_sha1": "ca279a21d3df3ffecd81db4c94cf75a0b33f60ec",
            "content_sha256": "7025cde5f2badfcd1ce06130ed25e68aab6a02f446b3f5101fd6f1c7f1496f4d",
            "content_sha512": "6ceb306211f4b40c12ac20f47c54ecdf741de61277e96dd57b227985facf996d603a0a03cf1c651a69eb2b7157566fe28d92b770b71b0568169d642d711ab878",
            "directory_permission": "0777",
            "file_permission": "0777",
            "filename": "./dev.conf",
            "id": "ca279a21d3df3ffecd81db4c94cf75a0b33f60ec",
            "sensitive_content": null,
            "source": null
          },
          "sensitive_attributes": [
            [
              {
                "type": "get_attr",
                "value": "sensitive_content"
              }
            ]
          ],
          "identity_schema_version": 0
        }
      ]
    }
  ],
  "check_results": null
}
