{
  "version": 4,
  "terraform_version": "1.15.3",
  "serial": 22,
  "lineage": "210a2557-e338-52ab-e368-7be57fc85991",
  "outputs": {},
  "resources": [
    {
      "mode": "managed",
      "type": "local_file",
      "name": "report",
      "provider": "provider[\"registry.terraform.io/hashicorp/local\"]",
      "instances": [
        {
          "index_key": 0,
          "schema_version": 0,
          "attributes": {
            "content": "Created a file name with custom name",
            "content_base64": null,
            "content_base64sha256": "u+qssTa8eqYoWSq5cXEeHWrcbvex3JIFmVguW1SlyZg=",
            "content_base64sha512": "0Tw5lAay9pVuzbtY89hLNrgvXj/7v2m/epBrGYKeHAA59+ZLyKEkNKbsIQuYkR/Ca2mtDZDYYkvRn8RGq81//A==",
            "content_md5": "f6f9f0fb6b54aa6969a0d71f5057b166",
            "content_sha1": "686f6bfa35fc8cb19eb13dcde28fe4a733ac48e0",
            "content_sha256": "bbeaacb136bc7aa628592ab971711e1d6adc6ef7b1dc920599582e5b54a5c998",
            "content_sha512": "d13c399406b2f6956ecdbb58f3d84b36b82f5e3ffbbf69bf7a906b19829e1c0039f7e64bc8a12434a6ec210b98911fc26b69ad0d90d8624bd19fc446abcd7ffc",
            "directory_permission": "0777",
            "file_permission": "0777",
            "filename": "./report-ihlgpr.txt",
            "id": "686f6bfa35fc8cb19eb13dcde28fe4a733ac48e0",
            "sensitive_content": null,
            "source": null
          },
          "sensitive_attributes": [
            [
              {
                "type": "get_attr",
                "value": "sensitive_content"
              }
            ]
          ],
          "identity_schema_version": 0,
          "dependencies": [
            "random_string.suffix"
          ]
        },
        {
          "index_key": 1,
          "schema_version": 0,
          "attributes": {
            "content": "Created a file name with custom name",
            "content_base64": null,
            "content_base64sha256": "u+qssTa8eqYoWSq5cXEeHWrcbvex3JIFmVguW1SlyZg=",
            "content_base64sha512": "0Tw5lAay9pVuzbtY89hLNrgvXj/7v2m/epBrGYKeHAA59+ZLyKEkNKbsIQuYkR/Ca2mtDZDYYkvRn8RGq81//A==",
            "content_md5": "f6f9f0fb6b54aa6969a0d71f5057b166",
            "content_sha1": "686f6bfa35fc8cb19eb13dcde28fe4a733ac48e0",
            "content_sha256": "bbeaacb136bc7aa628592ab971711e1d6adc6ef7b1dc920599582e5b54a5c998",
            "content_sha512": "d13c399406b2f6956ecdbb58f3d84b36b82f5e3ffbbf69bf7a906b19829e1c0039f7e64bc8a12434a6ec210b98911fc26b69ad0d90d8624bd19fc446abcd7ffc",
            "directory_permission": "0777",
            "file_permission": "0777",
            "filename": "./report-drlqpc.txt",
            "id": "686f6bfa35fc8cb19eb13dcde28fe4a733ac48e0",
            "sensitive_content": null,
            "source": null
          },
          "sensitive_attributes": [
            [
              {
                "type": "get_attr",
                "value": "sensitive_content"
              }
            ]
          ],
          "identity_schema_version": 0,
          "dependencies": [
            "random_string.suffix"
          ]
        },
        {
          "index_key": 2,
          "schema_version": 0,
          "attributes": {
            "content": "Created a file name with custom name",
            "content_base64": null,
            "content_base64sha256": "u+qssTa8eqYoWSq5cXEeHWrcbvex3JIFmVguW1SlyZg=",
            "content_base64sha512": "0Tw5lAay9pVuzbtY89hLNrgvXj/7v2m/epBrGYKeHAA59+ZLyKEkNKbsIQuYkR/Ca2mtDZDYYkvRn8RGq81//A==",
            "content_md5": "f6f9f0fb6b54aa6969a0d71f5057b166",
            "content_sha1": "686f6bfa35fc8cb19eb13dcde28fe4a733ac48e0",
            "content_sha256": "bbeaacb136bc7aa628592ab971711e1d6adc6ef7b1dc920599582e5b54a5c998",
            "content_sha512": "d13c399406b2f6956ecdbb58f3d84b36b82f5e3ffbbf69bf7a906b19829e1c0039f7e64bc8a12434a6ec210b98911fc26b69ad0d90d8624bd19fc446abcd7ffc",
            "directory_permission": "0777",
            "file_permission": "0777",
            "filename": "./report-rasrhf.txt",
            "id": "686f6bfa35fc8cb19eb13dcde28fe4a733ac48e0",
            "sensitive_content": null,
            "source": null
          },
          "sensitive_attributes": [
            [
              {
                "type": "get_attr",
                "value": "sensitive_content"
              }
            ]
          ],
          "identity_schema_version": 0,
          "dependencies": [
            "random_string.suffix"
          ]
        },
        {
          "index_key": 3,
          "schema_version": 0,
          "attributes": {
            "content": "Created a file name with custom name",
            "content_base64": null,
            "content_base64sha256": "u+qssTa8eqYoWSq5cXEeHWrcbvex3JIFmVguW1SlyZg=",
            "content_base64sha512": "0Tw5lAay9pVuzbtY89hLNrgvXj/7v2m/epBrGYKeHAA59+ZLyKEkNKbsIQuYkR/Ca2mtDZDYYkvRn8RGq81//A==",
            "content_md5": "f6f9f0fb6b54aa6969a0d71f5057b166",
            "content_sha1": "686f6bfa35fc8cb19eb13dcde28fe4a733ac48e0",
            "content_sha256": "bbeaacb136bc7aa628592ab971711e1d6adc6ef7b1dc920599582e5b54a5c998",
            "content_sha512": "d13c399406b2f6956ecdbb58f3d84b36b82f5e3ffbbf69bf7a906b19829e1c0039f7e64bc8a12434a6ec210b98911fc26b69ad0d90d8624bd19fc446abcd7ffc",
            "directory_permission": "0777",
            "file_permission": "0777",
            "filename": "./report-hndcyh.txt",
            "id": "686f6bfa35fc8cb19eb13dcde28fe4a733ac48e0",
            "sensitive_content": null,
            "source": null
          },
          "sensitive_attributes": [
            [
              {
                "type": "get_attr",
                "value": "sensitive_content"
              }
            ]
          ],
          "identity_schema_version": 0,
          "dependencies": [
            "random_string.suffix"
          ]
        }
      ]
    },
    {
      "mode": "managed",
      "type": "random_string",
      "name": "suffix",
      "provider": "provider[\"registry.terraform.io/hashicorp/random\"]",
      "instances": [
        {
          "index_key": 0,
          "schema_version": 2,
          "attributes": {
            "id": "ihlgpr",
            "keepers": null,
            "length": 6,
            "lower": true,
            "min_lower": 0,
            "min_numeric": 0,
            "min_special": 0,
            "min_upper": 0,
            "number": false,
            "numeric": false,
            "override_special": null,
            "result": "ihlgpr",
            "special": false,
            "upper": false
          },
          "sensitive_attributes": [],
          "identity_schema_version": 0
        },
        {
          "index_key": 1,
          "schema_version": 2,
          "attributes": {
            "id": "drlqpc",
            "keepers": null,
            "length": 6,
            "lower": true,
            "min_lower": 0,
            "min_numeric": 0,
            "min_special": 0,
            "min_upper": 0,
            "number": false,
            "numeric": false,
            "override_special": null,
            "result": "drlqpc",
            "special": false,
            "upper": false
          },
          "sensitive_attributes": [],
          "identity_schema_version": 0
        },
        {
          "index_key": 2,
          "schema_version": 2,
          "attributes": {
            "id": "rasrhf",
            "keepers": null,
            "length": 6,
            "lower": true,
            "min_lower": 0,
            "min_numeric": 0,
            "min_special": 0,
            "min_upper": 0,
            "number": false,
            "numeric": false,
            "override_special": null,
            "result": "rasrhf",
            "special": false,
            "upper": false
          },
          "sensitive_attributes": [],
          "identity_schema_version": 0
        },
        {
          "index_key": 3,
          "schema_version": 2,
          "attributes": {
            "id": "hndcyh",
            "keepers": null,
            "length": 6,
            "lower": true,
            "min_lower": 0,
            "min_numeric": 0,
            "min_special": 0,
            "min_upper": 0,
            "number": false,
            "numeric": false,
            "override_special": null,
            "result": "hndcyh",
            "special": false,
            "upper": false
          },
          "sensitive_attributes": [],
          "identity_schema_version": 0
        }
      ]
    }
  ],
  "check_results": null
}
